// !$*UTF8*$!
{
	archiveVersion = 1;
	classes = {
	};
	objectVersion = 50;
	objects = {

/* Begin PBXBuildFile section */
		A76DCFDC24495A32002ED2A5 /* Label.swift in Sources */ = {isa = PBXBuildFile; fileRef = A76DCFDB24495A32002ED2A5 /* Label.swift */; };
		A76DCFDE24495A6F002ED2A5 /* Icon.swift in Sources */ = {isa = PBXBuildFile; fileRef = A76DCFDD24495A6F002ED2A5 /* Icon.swift */; };
		A76DCFE024495ACE002ED2A5 /* String+.swift in Sources */ = {isa = PBXBuildFile; fileRef = A76DCFDF24495ACE002ED2A5 /* String+.swift */; };
		A76DCFE4244962E8002ED2A5 /* Row.swift in Sources */ = {isa = PBXBuildFile; fileRef = A76DCFE3244962E8002ED2A5 /* Row.swift */; };
		A76DCFE224495D42002ED2A5 /* DropDelegate.swift in Sources */ = {isa = PBXBuildFile; fileRef = A76DCFE124495D42002ED2A5 /* DropDelegate.swift */; };
		A7F561CF2448415900FFAC4B /* AppDelegate.swift in Sources */ = {isa = PBXBuildFile; fileRef = A7F561CE2448415900FFAC4B /* AppDelegate.swift */; };
		A7F561D12448415900FFAC4B /* ContentView.swift in Sources */ = {isa = PBXBuildFile; fileRef = A7F561D02448415900FFAC4B /* ContentView.swift */; };
		A7F561D32448415B00FFAC4B /* Assets.xcassets in Resources */ = {isa = PBXBuildFile; fileRef = A7F561D22448415B00FFAC4B /* Assets.xcassets */; };
		A7F561D62448415B00FFAC4B /* Preview Assets.xcassets in Resources */ = {isa = PBXBuildFile; fileRef = A7F561D52448415B00FFAC4B /* Preview Assets.xcassets */; };
		A7F561D92448415B00FFAC4B /* Main.storyboard in Resources */ = {isa = PBXBuildFile; fileRef = A7F561D72448415B00FFAC4B /* Main.storyboard */; };
/* End PBXBuildFile section */

/* Begin PBXFileReference section */
		A76DCFDB24495A32002ED2A5 /* Label.swift */ = {isa = PBXFileReference; fileEncoding = 4; lastKnownFileType = sourcecode.swift; path = Label.swift; sourceTree = "<group>"; };
		A76DCFDD24495A6F002ED2A5 /* Icon.swift */ = {isa = PBXFileReference; fileEncoding = 4; lastKnownFileType = sourcecode.swift; path = Icon.swift; sourceTree = "<group>"; };
		A76DCFDF24495ACE002ED2A5 /* String+.swift */ = {isa = PBXFileReference; lastKnownFileType = sourcecode.swift; path = "String+.swift"; sourceTree = "<group>"; };
		A76DCFE3244962E8002ED2A5 /* Row.swift */ = {isa = PBXFileReference; lastKnownFileType = sourcecode.swift; path = Row.swift; sourceTree = "<group>"; };
		A76DCFE124495D42002ED2A5 /* DropDelegate.swift */ = {isa = PBXFileReference; lastKnownFileType = sourcecode.swift; path = DropDelegate.swift; sourceTree = "<group>"; };
		A7F561CB2448415900FFAC4B /* iIcon.app */ = {isa = PBXFileReference; explicitFileType = wrapper.application; includeInIndex = 0; path = iIcon.app; sourceTree = BUILT_PRODUCTS_DIR; };
		A7F561CE2448415900FFAC4B /* AppDelegate.swift */ = {isa = PBXFileReference; lastKnownFileType = sourcecode.swift; path = AppDelegate.swift; sourceTree = "<group>"; };
		A7F561D02448415900FFAC4B /* ContentView.swift */ = {isa = PBXFileReference; lastKnownFileType = sourcecode.swift; path = ContentView.swift; sourceTree = "<group>"; };
		A7F561D22448415B00FFAC4B /* Assets.xcassets */ = {isa = PBXFileReference; lastKnownFileType = folder.assetcatalog; path = Assets.xcassets; sourceTree = "<group>"; };
		A7F561D52448415B00FFAC4B /* Preview Assets.xcassets */ = {isa = PBXFileReference; lastKnownFileType = folder.assetcatalog; path = "Preview Assets.xcassets"; sourceTree = "<group>"; };
		A7F561D82448415B00FFAC4B /* Base */ = {isa = PBXFileReference; lastKnownFileType = file.storyboard; name = Base; path = Base.lproj/Main.storyboard; sourceTree = "<group>"; };
		A7F561DA2448415B00FFAC4B /* Info.plist */ = {isa = PBXFileReference; lastKnownFileType = text.plist.xml; path = Info.plist; sourceTree = "<group>"; };
		A7F561DB2448415B00FFAC4B /* iIcon.entitlements */ = {isa = PBXFileReference; lastKnownFileType = text.plist.entitlements; path = iIcon.entitlements; sourceTree = "<group>"; };
/* End PBXFileReference section */

/* Begin PBXFrameworksBuildPhase section */
		A7F561C82448415900FFAC4B /* Frameworks */ = {
			isa = PBXFrameworksBuildPhase;
			buildActionMask = 2147483647;
			files = (
			);
			runOnlyForDeploymentPostprocessing = 0;
		};
/* End PBXFrameworksBuildPhase section */

/* Begin PBXGroup section */
		A7F561C22448415900FFAC4B = {
			isa = PBXGroup;
			children = (
				A7F561CD2448415900FFAC4B /* iIcon */,
				A7F561CC2448415900FFAC4B /* Products */,
			);
			sourceTree = "<group>";
		};
		A7F561CC2448415900FFAC4B /* Products */ = {
			isa = PBXGroup;
			children = (
				A7F561CB2448415900FFAC4B /* iIcon.app */,
			);
			name = Products;
			sourceTree = "<group>";
		};
		A7F561CD2448415900FFAC4B /* iIcon */ = {
			isa = PBXGroup;
			children = (
				A7F561CE2448415900FFAC4B /* AppDelegate.swift */,
				A76DCFE3244962E8002ED2A5 /* Row.swift */,
				A7F561D02448415900FFAC4B /* ContentView.swift */,
				A76DCFE124495D42002ED2A5 /* DropDelegate.swift */,
				A76DCFDD24495A6F002ED2A5 /* Icon.swift */,
				A76DCFDF24495ACE002ED2A5 /* String+.swift */,
				A76DCFDB24495A32002ED2A5 /* Label.swift */,
				A7F561D22448415B00FFAC4B /* Assets.xcassets */,
				A7F561D72448415B00FFAC4B /* Main.storyboard */,
				A7F561DA2448415B00FFAC4B /* Info.plist */,
				A7F561DB2448415B00FFAC4B /* iIcon.entitlements */,
				A7F561D42448415B00FFAC4B /* Preview Content */,
			);
			path = iIcon;
			sourceTree = "<group>";
		};
		A7F561D42448415B00FFAC4B /* Preview Content */ = {
			isa = PBXGroup;
			children = (
				A7F561D52448415B00FFAC4B /* Preview Assets.xcassets */,
			);
			path = "Preview Content";
			sourceTree = "<group>";
		};
/* End PBXGroup section */

/* Begin PBXNativeTarget section */
		A7F561CA2448415900FFAC4B /* iIcon */ = {
			isa = PBXNativeTarget;
			buildConfigurationList = A7F561DE2448415B00FFAC4B /* Build configuration list for PBXNativeTarget "iIcon" */;
			buildPhases = (
				A7F561C72448415900FFAC4B /* Sources */,
				A7F561C82448415900FFAC4B /* Frameworks */,
				A7F561C92448415900FFAC4B /* Resources */,
			);
			buildRules = (
			);
			dependencies = (
			);
			name = iIcon;
			productName = iIcon;
			productReference = A7F561CB2448415900FFAC4B /* iIcon.app */;
			productType = "com.apple.product-type.application";
		};
/* End PBXNativeTarget section */

/* Begin PBXProject section */
		A7F561C32448415900FFAC4B /* Project object */ = {
			isa = PBXProject;
			attributes = {
				LastSwiftUpdateCheck = 1140;
				LastUpgradeCheck = 1140;
				ORGANIZATIONNAME = "游宗諭";
				TargetAttributes = {
					A7F561CA2448415900FFAC4B = {
						CreatedOnToolsVersion = 11.4;
					};
				};
			};
			buildConfigurationList = A7F561C62448415900FFAC4B /* Build configuration list for PBXProject "iIcon" */;
			compatibilityVersion = "Xcode 9.3";
			developmentRegion = en;
			hasScannedForEncodings = 0;
			knownRegions = (
				en,
				Base,
			);
			mainGroup = A7F561C22448415900FFAC4B;
			productRefGroup = A7F561CC2448415900FFAC4B /* Products */;
			projectDirPath = "";
			projectRoot = "";
			targets = (
				A7F561CA2448415900FFAC4B /* iIcon */,
			);
		};
/* End PBXProject section */

/* Begin PBXResourcesBuildPhase section */
		A7F561C92448415900FFAC4B /* Resources */ = {
			isa = PBXResourcesBuildPhase;
			buildActionMask = 2147483647;
			files = (
				A7F561D92448415B00FFAC4B /* Main.storyboard in Resources */,
				A7F561D62448415B00FFAC4B /* Preview Assets.xcassets in Resources */,
				A7F561D32448415B00FFAC4B /* Assets.xcassets in Resources */,
			);
			runOnlyForDeploymentPostprocessing = 0;
		};
/* End PBXResourcesBuildPhase section */

/* Begin PBXSourcesBuildPhase section */
		A7F561C72448415900FFAC4B /* Sources */ = {
			isa = PBXSourcesBuildPhase;
			buildActionMask = 2147483647;
			files = (
				A7F561D12448415900FFAC4B /* ContentView.swift in Sources */,
				A76DCFE224495D42002ED2A5 /* DropDelegate.swift in Sources */,
				A7F561CF2448415900FFAC4B /* AppDelegate.swift in Sources */,
				A76DCFE024495ACE002ED2A5 /* String+.swift in Sources */,
				A76DCFDE24495A6F002ED2A5 /* Icon.swift in Sources */,
				A76DCFE4244962E8002ED2A5 /* Row.swift in Sources */,
				A76DCFDC24495A32002ED2A5 /* Label.swift in Sources */,
			);
			runOnlyForDeploymentPostprocessing = 0;
		};
/* End PBXSourcesBuildPhase section */

/* Begin PBXVariantGroup section */
		A7F561D72448415B00FFAC4B /* Main.storyboard */ = {
			isa = PBXVariantGroup;
			children = (
				A7F561D82448415B00FFAC4B /* Base */,
			);
			name = Main.storyboard;
			sourceTree = "<group>";
		};
/* End PBXVariantGroup section */

/* Begin XCBuildConfiguration section */
		A7F561DC2448415B00FFAC4B /* Debug */ = {
			isa = XCBuildConfiguration;
			buildSettings = {
				ALWAYS_SEARCH_USER_PATHS = NO;
				CLANG_ANALYZER_NONNULL = YES;
				CLANG_ANALYZER_NUMBER_OBJECT_CONVERSION = YES_AGGRESSIVE;
				CLANG_CXX_LANGUAGE_STANDARD = "gnu++14";
				CLANG_CXX_LIBRARY = "libc++";
				CLANG_ENABLE_MODULES = YES;
				CLANG_ENABLE_OBJC_ARC = YES;
				CLANG_ENABLE_OBJC_WEAK = YES;
				CLANG_WARN_BLOCK_CAPTURE_AUTORELEASING = YES;
				CLANG_WARN_BOOL_CONVERSION = YES;
				CLANG_WARN_COMMA = YES;
				CLANG_WARN_CONSTANT_CONVERSION = YES;
				CLANG_WARN_DEPRECATED_OBJC_IMPLEMENTATIONS = YES;
				CLANG_WARN_DIRECT_OBJC_ISA_USAGE = YES_ERROR;
				CLANG_WARN_DOCUMENTATION_COMMENTS = YES;
				CLANG_WARN_EMPTY_BODY = YES;
				CLANG_WARN_ENUM_CONVERSION = YES;
				CLANG_WARN_INFINITE_RECURSION = YES;
				CLANG_WARN_INT_CONVERSION = YES;
				CLANG_WARN_NON_LITERAL_NULL_CONVERSION = YES;
				CLANG_WARN_OBJC_IMPLICIT_RETAIN_SELF = YES;
				CLANG_WARN_OBJC_LITERAL_CONVERSION = YES;
				CLANG_WARN_OBJC_ROOT_CLASS = YES_ERROR;
				CLANG_WARN_RANGE_LOOP_ANALYSIS = YES;
				CLANG_WARN_STRICT_PROTOTYPES = YES;
				CLANG_WARN_SUSPICIOUS_MOVE = YES;
				CLANG_WARN_UNGUARDED_AVAILABILITY = YES_AGGRESSIVE;
				CLANG_WARN_UNREACHABLE_CODE = YES;
				CLANG_WARN__DUPLICATE_METHOD_MATCH = YES;
				COPY_PHASE_STRIP = NO;
				DEBUG_INFORMATION_FORMAT = dwarf;
				ENABLE_STRICT_OBJC_MSGSEND = YES;
				ENABLE_TESTABILITY = YES;
				GCC_C_LANGUAGE_STANDARD = gnu11;
				GCC_DYNAMIC_NO_PIC = NO;
				GCC_NO_COMMON_BLOCKS = YES;
				GCC_OPTIMIZATION_LEVEL = 0;
				GCC_PREPROCESSOR_DEFINITIONS = (
					"DEBUG=1",
					"$(inherited)",
				);
				GCC_WARN_64_TO_32_BIT_CONVERSION = YES;
				GCC_WARN_ABOUT_RETURN_TYPE = YES_ERROR;
				GCC_WARN_UNDECLARED_SELECTOR = YES;
				GCC_WARN_UNINITIALIZED_AUTOS = YES_AGGRESSIVE;
				GCC_WARN_UNUSED_FUNCTION = YES;
				GCC_WARN_UNUSED_VARIABLE = YES;
				MACOSX_DEPLOYMENT_TARGET = 10.15;
				MTL_ENABLE_DEBUG_INFO = INCLUDE_SOURCE;
				MTL_FAST_MATH = YES;
				ONLY_ACTIVE_ARCH = YES;
				SDKROOT = macosx;
				SWIFT_ACTIVE_COMPILATION_CONDITIONS = DEBUG;
				SWIFT_OPTIMIZATION_LEVEL = "-Onone";
			};
			name = Debug;
		};
		A7F561DD2448415B00FFAC4B /* Release */ = {
			isa = XCBuildConfiguration;
			buildSettings = {
				ALWAYS_SEARCH_USER_PATHS = NO;
				CLANG_ANALYZER_NONNULL = YES;
				CLANG_ANALYZER_NUMBER_OBJECT_CONVERSION = YES_AGGRESSIVE;
				CLANG_CXX_LANGUAGE_STANDARD = "gnu++14";
				CLANG_CXX_LIBRARY = "libc++";
				CLANG_ENABLE_MODULES = YES;
				CLANG_ENABLE_OBJC_ARC = YES;
				CLANG_ENABLE_OBJC_WEAK = YES;
				CLANG_WARN_BLOCK_CAPTURE_AUTORELEASING = YES;
				CLANG_WARN_BOOL_CONVERSION = YES;
				CLANG_WARN_COMMA = YES;
				CLANG_WARN_CONSTANT_CONVERSION = YES;
				CLANG_WARN_DEPRECATED_OBJC_IMPLEMENTATIONS = YES;
				CLANG_WARN_DIRECT_OBJC_ISA_USAGE = YES_ERROR;
				CLANG_WARN_DOCUMENTATION_COMMENTS = YES;
				CLANG_WARN_EMPTY_BODY = YES;
				CLANG_WARN_ENUM_CONVERSION = YES;
				CLANG_WARN_INFINITE_RECURSION = YES;
				CLANG_WARN_INT_CONVERSION = YES;
				CLANG_WARN_NON_LITERAL_NULL_CONVERSION = YES;
				CLANG_WARN_OBJC_IMPLICIT_RETAIN_SELF = YES;
				CLANG_WARN_OBJC_LITERAL_CONVERSION = YES;
				CLANG_WARN_OBJC_ROOT_CLASS = YES_ERROR;
				CLANG_WARN_RANGE_LOOP_ANALYSIS = YES;
				CLANG_WARN_STRICT_PROTOTYPES = YES;
				CLANG_WARN_SUSPICIOUS_MOVE = YES;
				CLANG_WARN_UNGUARDED_AVAILABILITY = YES_AGGRESSIVE;
				CLANG_WARN_UNREACHABLE_CODE = YES;
				CLANG_WARN__DUPLICATE_METHOD_MATCH = YES;
				COPY_PHASE_STRIP = NO;
				DEBUG_INFORMATION_FORMAT = "dwarf-with-dsym";
				ENABLE_NS_ASSERTIONS = NO;
				ENABLE_STRICT_OBJC_MSGSEND = YES;
				GCC_C_LANGUAGE_STANDARD = gnu11;
				GCC_NO_COMMON_BLOCKS = YES;
				GCC_WARN_64_TO_32_BIT_CONVERSION = YES;
				GCC_WARN_ABOUT_RETURN_TYPE = YES_ERROR;
				GCC_WARN_UNDECLARED_SELECTOR = YES;
				GCC_WARN_UNINITIALIZED_AUTOS = YES_AGGRESSIVE;
				GCC_WARN_UNUSED_FUNCTION = YES;
				GCC_WARN_UNUSED_VARIABLE = YES;
				MACOSX_DEPLOYMENT_TARGET = 10.15;
				MTL_ENABLE_DEBUG_INFO = NO;
				MTL_FAST_MATH = YES;
				SDKROOT = macosx;
				SWIFT_COMPILATION_MODE = wholemodule;
				SWIFT_OPTIMIZATION_LEVEL = "-O";
			};
			name = Release;
		};
		A7F561DF2448415B00FFAC4B /* Debug */ = {
			isa = XCBuildConfiguration;
			buildSettings = {
				ASSETCATALOG_COMPILER_APPICON_NAME = AppIcon;
				CODE_SIGN_ENTITLEMENTS = iIcon/iIcon.entitlements;
				CODE_SIGN_STYLE = Automatic;
				COMBINE_HIDPI_IMAGES = YES;
				DEVELOPMENT_ASSET_PATHS = "\"iIcon/Preview Content\"";
				DEVELOPMENT_TEAM = 3AMPL46LPV;
				ENABLE_HARDENED_RUNTIME = YES;
				ENABLE_PREVIEWS = YES;
				INFOPLIST_FILE = iIcon/Info.plist;
				LD_RUNPATH_SEARCH_PATHS = (
					"$(inherited)",
					"@executable_path/../Frameworks",
				);
				MACOSX_DEPLOYMENT_TARGET = 10.15;
				PRODUCT_BUNDLE_IDENTIFIER = com.ytyubox.iIcon;
				PRODUCT_NAME = "$(TARGET_NAME)";
				SWIFT_VERSION = 5.0;
			};
			name = Debug;
		};
		A7F561E02448415B00FFAC4B /* Release */ = {
			isa = XCBuildConfiguration;
			buildSettings = {
				ASSETCATALOG_COMPILER_APPICON_NAME = AppIcon;
				CODE_SIGN_ENTITLEMENTS = iIcon/iIcon.entitlements;
				CODE_SIGN_STYLE = Automatic;
				COMBINE_HIDPI_IMAGES = YES;
				DEVELOPMENT_ASSET_PATHS = "\"iIcon/Preview Content\"";
				DEVELOPMENT_TEAM = 3AMPL46LPV;
				ENABLE_HARDENED_RUNTIME = YES;
				ENABLE_PREVIEWS = YES;
				INFOPLIST_FILE = iIcon/Info.plist;
				LD_RUNPATH_SEARCH_PATHS = (
					"$(inherited)",
					"@executable_path/../Frameworks",
				);
				MACOSX_DEPLOYMENT_TARGET = 10.15;
				PRODUCT_BUNDLE_IDENTIFIER = com.ytyubox.iIcon;
				PRODUCT_NAME = "$(TARGET_NAME)";
				SWIFT_VERSION = 5.0;
			};
			name = Release;
		};
/* End XCBuildConfiguration section */

/* Begin XCConfigurationList section */
		A7F561C62448415900FFAC4B /* Build configuration list for PBXProject "iIcon" */ = {
			isa = XCConfigurationList;
			buildConfigurations = (
				A7F561DC2448415B00FFAC4B /* Debug */,
				A7F561DD2448415B00FFAC4B /* Release */,
			);
			defaultConfigurationIsVisible = 0;
			defaultConfigurationName = Release;
		};
		A7F561DE2448415B00FFAC4B /* Build configuration list for PBXNativeTarget "iIcon" */ = {
			isa = XCConfigurationList;
			buildConfigurations = (
				A7F561DF2448415B00FFAC4B /* Debug */,
				A7F561E02448415B00FFAC4B /* Release */,
			);
			defaultConfigurationIsVisible = 0;
			defaultConfigurationName = Release;
		};
/* End XCConfigurationList section */
	};
	rootObject = A7F561C32448415900FFAC4B /* Project object */;
}
